# THIS IS AN AUTOGENERATED FILE. DO NOT EDIT THIS FILE DIRECTLY.
# yarn lockfile v1


"@babel/runtime-corejs3@^7.12.1":
  version "7.12.18"
  resolved "https://registry.yarnpkg.com/@babel/runtime-corejs3/-/runtime-corejs3-7.12.18.tgz#e5663237e5658e4c09586995d2dd6d2c8cfd6fc0"
  integrity sha512-ngR7yhNTjDxxe1VYmhqQqqXZWujGb6g0IoA4qeG6MxNGRnIw2Zo8ImY8HfaQ7l3T6GklWhdNfyhWk0C0iocdVA==
  dependencies:
    core-js-pure "^3.0.0"
    regenerator-runtime "^0.13.4"

"@henderea/arg-helper@^1.2.1":
  version "1.2.1"
  resolved "https://registry.yarnpkg.com/@henderea/arg-helper/-/arg-helper-1.2.1.tgz#c04f96f1153b6dc0d44e0d564a076c873186c7bb"
  integrity sha512-odhIeuhG/91i96i9zyh4+7ev4Cc9W0xH2JHUt7hdaiJ7Z/EnDAWM9uUTmNWIEepuFn5PzhVIeL1wqAJPMp5EUA==

"@henderea/regex-util@^1.2.4":
  version "1.2.4"
  resolved "https://registry.yarnpkg.com/@henderea/regex-util/-/regex-util-1.2.4.tgz#f5c86f148494168fd9bed5e21aa2bfbfbe9d4236"
  integrity sha512-F0wNE2NO8acbsshrdYRpwNVSfbPmAQSTM/ldI5Hcw2uTb8sDEIYa5lle/eJ35T42RIEAfd6/FOMhpDITXIhGaQ==
  dependencies:
    xregexp "^5.0.1"

"@henderea/simple-colors@^1.4.3":
  version "1.4.3"
  resolved "https://registry.yarnpkg.com/@henderea/simple-colors/-/simple-colors-1.4.3.tgz#c59f1e937ea9b93cd58d2784962623ac53a7caff"
  integrity sha512-tTwuR/XE78bJX7eCUPeAiIaBGVEuR3U7RKup1Pb/QEgDtmYJ5Z/0B6eVhxsqsi0S+X2VxOzz1I/56gmrRp7C/g==
  dependencies:
    lodash "^4.17.21"
    strip-ansi "^6.0.0"
    supports-color "^8.1.1"

"@vercel/ncc@^0.27.0":
  version "0.27.0"
  resolved "https://registry.yarnpkg.com/@vercel/ncc/-/ncc-0.27.0.tgz#c0cfeebb0bebb56052719efa4a0ecc090a932c76"
  integrity sha512-DllIJQapnU2YwewIhh/4dYesmMQw3h2cFtabECc/zSJHqUbNa0eJuEkRa6DXbZvh1YPWBtYQoPV17NlDpBw1Vw==

ansi-regex@^5.0.0:
  version "5.0.0"
  resolved "https://registry.yarnpkg.com/ansi-regex/-/ansi-regex-5.0.0.tgz#388539f55179bf39339c81af30a654d69f87cb75"
  integrity sha512-bY6fj56OUQ0hU1KjFNDQuJFezqKdrAyFdIevADiqrWHwSlbmBNMHp5ak2f40Pm8JTFyM2mqxkG6ngkHO11f/lg==

arg@^5.0.0:
  version "5.0.0"
  resolved "https://registry.yarnpkg.com/arg/-/arg-5.0.0.tgz#a20e2bb5710e82950a516b3f933fee5ed478be90"
  integrity sha512-4P8Zm2H+BRS+c/xX1LrHw0qKpEhdlZjLCgWy+d78T9vqa2Z2SiD2wMrYuWIAFy5IZUD7nnNXroRttz+0RzlrzQ==

core-js-pure@^3.0.0:
  version "3.9.0"
  resolved "https://registry.yarnpkg.com/core-js-pure/-/core-js-pure-3.9.0.tgz#326cc74e1fef8b7443a6a793ddb0adfcd81f9efb"
  integrity sha512-3pEcmMZC9Cq0D4ZBh3pe2HLtqxpGNJBLXF/kZ2YzK17RbKp94w0HFbdbSx8H8kAlZG5k76hvLrkPm57Uyef+kg==

has-flag@^4.0.0:
  version "4.0.0"
  resolved "https://registry.yarnpkg.com/has-flag/-/has-flag-4.0.0.tgz#944771fd9c81c81265c4d6941860da06bb59479b"
  integrity sha512-EykJT/Q1KjTWctppgIAgfSO0tKVuZUjhgMr17kqTumMl6Afv3EISleU7qZUzoXDFTAHTDC4NOoG/ZxU3EvlMPQ==

lodash@^4.17.21:
  version "4.17.21"
  resolved "https://registry.yarnpkg.com/lodash/-/lodash-4.17.21.tgz#679591c564c3bffaae8454cf0b3df370c3d6911c"
  integrity sha512-v2kDEe57lecTulaDIuNTPy3Ry4gLGJ6Z1O3vE1krgXZNrsQ+LFTGHVxVjcXPs17LhbZVGedAJv8XZ1tvj5FvSg==

regenerator-runtime@^0.13.4:
  version "0.13.7"
  resolved "https://registry.yarnpkg.com/regenerator-runtime/-/regenerator-runtime-0.13.7.tgz#cac2dacc8a1ea675feaabaeb8ae833898ae46f55"
  integrity sha512-a54FxoJDIr27pgf7IgeQGxmqUNYrcV338lf/6gH456HZ/PhX+5BcwHXG9ajESmwe6WRO0tAzRUrRmNONWgkrew==

strip-ansi@^6.0.0:
  version "6.0.0"
  resolved "https://registry.yarnpkg.com/strip-ansi/-/strip-ansi-6.0.0.tgz#0b1571dd7669ccd4f3e06e14ef1eed26225ae532"
  integrity sha512-AuvKTrTfQNYNIctbR1K/YGTR1756GycPsg7b9bdV9Duqur4gv6aKqHXah67Z8ImS7WEz5QVcOtlfW2rZEugt6w==
  dependencies:
    ansi-regex "^5.0.0"

supports-color@^8.1.1:
  version "8.1.1"
  resolved "https://registry.yarnpkg.com/supports-color/-/supports-color-8.1.1.tgz#cd6fc17e28500cff56c1b86c0a7fd4a54a73005c"
  integrity sha512-MpUEN2OodtUzxvKQl72cUF7RQ5EiHsGvSsVG0ia9c5RbWGL2CI4C7EpPS8UTBIplnlzZiNuV56w+FuNxy3ty2Q==
  dependencies:
    has-flag "^4.0.0"

xregexp@^5.0.1:
  version "5.0.1"
  resolved "https://registry.yarnpkg.com/xregexp/-/xregexp-5.0.1.tgz#b2f20e87790876585fb4103e91cb163a63cd2547"
  integrity sha512-flG0ykxHQLOfF886GpnY26WQkj4/RmcxYvoVcSFbg+1lPMdnXEPoTKuLzw1olKnJ+o2Wc1+RCD1oktV4bYzVlQ==
  dependencies:
    "@babel/runtime-corejs3" "^7.12.1"
